// !$*UTF8*$!
{
	archiveVersion = 1;
	classes = {
	};
	objectVersion = 46;
	objects = {

/* Begin PBXGroup section */
		E1CD6E0315B46D0300AB949D = {
			isa = PBXGroup;
			children = (
			);
			sourceTree = "<group>";
		};
/* End PBXGroup section */

/* Begin PBXProject section */
		E1CD6E0515B46D0300AB949D /* Project object */ = {
			isa = PBXProject;
			attributes = {
				LastUpgradeCheck = 0430;
			};
			buildConfigurationList = E1CD6E0815B46D0300AB949D /* Build configuration list for PBXProject "IPGCommonInteraces" */;
			compatibilityVersion = "Xcode 3.2";
			developmentRegion = English;
			hasScannedForEncodings = 0;
			knownRegions = (
				en,
			);
			mainGroup = E1CD6E0315B46D0300AB949D;
			projectDirPath = "";
			projectRoot = "";
			targets = (
			);
		};
/* End PBXProject section */

/* Begin XCBuildConfiguration section */
		E1CD6E0A15B46D0300AB949D /* Debug */ = {
			isa = XCBuildConfiguration;
			buildSettings = {
			};
			name = Debug;
		};
		E1CD6E0B15B46D0300AB949D /* Release */ = {
			isa = XCBuildConfiguration;
			buildSettings = {
			};
			name = Release;
		};
/* End XCBuildConfiguration section */

/* Begin XCConfigurationList section */
		E1CD6E0815B46D0300AB949D /* Build configuration list for PBXProject "IPGCommonInteraces" */ = {
			isa = XCConfigurationList;
			buildConfigurations = (
				E1CD6E0A15B46D0300AB949D /* Debug */,
				E1CD6E0B15B46D0300AB949D /* Release */,
			);
			defaultConfigurationIsVisible = 0;
			defaultConfigurationName = Release;
		};
/* End XCConfigurationList section */
	};
	rootObject = E1CD6E0515B46D0300AB949D /* Project object */;
}
