// !$*UTF8*$!
{
	archiveVersion = 1;
	classes = {
	};
	objectVersion = 46;
	objects = {

/* Begin PBXBuildFile section */
		E14AA7BC15C42F9300F991C8 /* Settings.bundle in Resources */ = {isa = PBXBuildFile; fileRef = E14AA7BB15C42F9300F991C8 /* Settings.bundle */; };
		E19F6B0C15B589A700182BA4 /* NSString+UUID.m in Sources */ = {isa = PBXBuildFile; fileRef = E19F6B0B15B589A700182BA4 /* NSString+UUID.m */; };
		E1CA9CCD15AACB1D00C5E9AA /* UIKit.framework in Frameworks */ = {isa = PBXBuildFile; fileRef = E1CA9CCC15AACB1C00C5E9AA /* UIKit.framework */; };
		E1CA9CCF15AACB1D00C5E9AA /* Foundation.framework in Frameworks */ = {isa = PBXBuildFile; fileRef = E1CA9CCE15AACB1D00C5E9AA /* Foundation.framework */; };
		E1CA9CD115AACB1D00C5E9AA /* CoreGraphics.framework in Frameworks */ = {isa = PBXBuildFile; fileRef = E1CA9CD015AACB1D00C5E9AA /* CoreGraphics.framework */; };
		E1CA9CD715AACB1D00C5E9AA /* InfoPlist.strings in Resources */ = {isa = PBXBuildFile; fileRef = E1CA9CD515AACB1D00C5E9AA /* InfoPlist.strings */; };
		E1CA9CD915AACB1D00C5E9AA /* main.m in Sources */ = {isa = PBXBuildFile; fileRef = E1CA9CD815AACB1D00C5E9AA /* main.m */; };
		E1CA9CDD15AACB1D00C5E9AA /* GRAppDelegate.m in Sources */ = {isa = PBXBuildFile; fileRef = E1CA9CDC15AACB1D00C5E9AA /* GRAppDelegate.m */; };
		E1CA9CE015AACB1D00C5E9AA /* GRViewController.m in Sources */ = {isa = PBXBuildFile; fileRef = E1CA9CDF15AACB1D00C5E9AA /* GRViewController.m */; };
		E1CA9CE315AACB1D00C5E9AA /* GRViewController.xib in Resources */ = {isa = PBXBuildFile; fileRef = E1CA9CE115AACB1D00C5E9AA /* GRViewController.xib */; };
		E1CA9CEA15AACB6500C5E9AA /* CoreMotion.framework in Frameworks */ = {isa = PBXBuildFile; fileRef = E1CA9CE915AACB6500C5E9AA /* CoreMotion.framework */; };
		E1CA9CF415AACDE600C5E9AA /* GRMainController.m in Sources */ = {isa = PBXBuildFile; fileRef = E1CA9CF315AACDE600C5E9AA /* GRMainController.m */; };
		E1CA9CFC15AACFB400C5E9AA /* AudioToolbox.framework in Frameworks */ = {isa = PBXBuildFile; fileRef = E1CA9CFB15AACFB400C5E9AA /* AudioToolbox.framework */; };
		E1CA9D0315AB0AE800C5E9AA /* AVFoundation.framework in Frameworks */ = {isa = PBXBuildFile; fileRef = E1CA9D0215AB0AE800C5E9AA /* AVFoundation.framework */; };
		E1CD6D2115B30EDD00AB949D /* RecognitionConfig.plist in Resources */ = {isa = PBXBuildFile; fileRef = E1CD6D2015B30EDD00AB949D /* RecognitionConfig.plist */; };
		E1CD6DBF15B4683C00AB949D /* libGRCommonLib.a in Frameworks */ = {isa = PBXBuildFile; fileRef = E1CD6DBE15B4683C00AB949D /* libGRCommonLib.a */; };
		E1CD6E8715B4BD4500AB949D /* GCDAsyncSocket.m in Sources */ = {isa = PBXBuildFile; fileRef = E1CD6E8615B4BD4200AB949D /* GCDAsyncSocket.m */; };
		E1CD6E8915B4BDF400AB949D /* Security.framework in Frameworks */ = {isa = PBXBuildFile; fileRef = E1CD6E8815B4BDF400AB949D /* Security.framework */; };
		E1CD6E8B15B4BE1900AB949D /* CFNetwork.framework in Frameworks */ = {isa = PBXBuildFile; fileRef = E1CD6E8A15B4BE1900AB949D /* CFNetwork.framework */; };
		E1CD6E8E15B4BE9700AB949D /* GRNetworkClientController.m in Sources */ = {isa = PBXBuildFile; fileRef = E1CD6E8D15B4BE9700AB949D /* GRNetworkClientController.m */; };
/* End PBXBuildFile section */

/* Begin PBXFileReference section */
		E14AA7BB15C42F9300F991C8 /* Settings.bundle */ = {isa = PBXFileReference; lastKnownFileType = "wrapper.plug-in"; path = Settings.bundle; sourceTree = "<group>"; };
		E19F6B0B15B589A700182BA4 /* NSString+UUID.m */ = {isa = PBXFileReference; fileEncoding = 4; lastKnownFileType = sourcecode.c.objc; name = "NSString+UUID.m"; path = "../../GRCommonLib/GRCommonLib/NSString+UUID.m"; sourceTree = "<group>"; };
		E1CA9CC815AACB1C00C5E9AA /* GestureRecognizer.app */ = {isa = PBXFileReference; explicitFileType = wrapper.application; includeInIndex = 0; path = GestureRecognizer.app; sourceTree = BUILT_PRODUCTS_DIR; };
		E1CA9CCC15AACB1C00C5E9AA /* UIKit.framework */ = {isa = PBXFileReference; lastKnownFileType = wrapper.framework; name = UIKit.framework; path = System/Library/Frameworks/UIKit.framework; sourceTree = SDKROOT; };
		E1CA9CCE15AACB1D00C5E9AA /* Foundation.framework */ = {isa = PBXFileReference; lastKnownFileType = wrapper.framework; name = Foundation.framework; path = System/Library/Frameworks/Foundation.framework; sourceTree = SDKROOT; };
		E1CA9CD015AACB1D00C5E9AA /* CoreGraphics.framework */ = {isa = PBXFileReference; lastKnownFileType = wrapper.framework; name = CoreGraphics.framework; path = System/Library/Frameworks/CoreGraphics.framework; sourceTree = SDKROOT; };
		E1CA9CD415AACB1D00C5E9AA /* GestureRecognizer-Info.plist */ = {isa = PBXFileReference; lastKnownFileType = text.plist.xml; path = "GestureRecognizer-Info.plist"; sourceTree = "<group>"; };
		E1CA9CD615AACB1D00C5E9AA /* en */ = {isa = PBXFileReference; lastKnownFileType = text.plist.strings; name = en; path = en.lproj/InfoPlist.strings; sourceTree = "<group>"; };
		E1CA9CD815AACB1D00C5E9AA /* main.m */ = {isa = PBXFileReference; lastKnownFileType = sourcecode.c.objc; path = main.m; sourceTree = "<group>"; };
		E1CA9CDA15AACB1D00C5E9AA /* GestureRecognizer-Prefix.pch */ = {isa = PBXFileReference; lastKnownFileType = sourcecode.c.h; path = "GestureRecognizer-Prefix.pch"; sourceTree = "<group>"; };
		E1CA9CDB15AACB1D00C5E9AA /* GRAppDelegate.h */ = {isa = PBXFileReference; lastKnownFileType = sourcecode.c.h; path = GRAppDelegate.h; sourceTree = "<group>"; };
		E1CA9CDC15AACB1D00C5E9AA /* GRAppDelegate.m */ = {isa = PBXFileReference; lastKnownFileType = sourcecode.c.objc; path = GRAppDelegate.m; sourceTree = "<group>"; };
		E1CA9CDE15AACB1D00C5E9AA /* GRViewController.h */ = {isa = PBXFileReference; lastKnownFileType = sourcecode.c.h; path = GRViewController.h; sourceTree = "<group>"; };
		E1CA9CDF15AACB1D00C5E9AA /* GRViewController.m */ = {isa = PBXFileReference; lastKnownFileType = sourcecode.c.objc; path = GRViewController.m; sourceTree = "<group>"; };
		E1CA9CE215AACB1D00C5E9AA /* en */ = {isa = PBXFileReference; lastKnownFileType = file.xib; name = en; path = en.lproj/GRViewController.xib; sourceTree = "<group>"; };
		E1CA9CE915AACB6500C5E9AA /* CoreMotion.framework */ = {isa = PBXFileReference; lastKnownFileType = wrapper.framework; name = CoreMotion.framework; path = System/Library/Frameworks/CoreMotion.framework; sourceTree = SDKROOT; };
		E1CA9CF215AACDE600C5E9AA /* GRMainController.h */ = {isa = PBXFileReference; fileEncoding = 4; lastKnownFileType = sourcecode.c.h; path = GRMainController.h; sourceTree = "<group>"; };
		E1CA9CF315AACDE600C5E9AA /* GRMainController.m */ = {isa = PBXFileReference; fileEncoding = 4; lastKnownFileType = sourcecode.c.objc; lineEnding = 0; path = GRMainController.m; sourceTree = "<group>"; xcLanguageSpecificationIdentifier = xcode.lang.objc; };
		E1CA9CFB15AACFB400C5E9AA /* AudioToolbox.framework */ = {isa = PBXFileReference; lastKnownFileType = wrapper.framework; name = AudioToolbox.framework; path = System/Library/Frameworks/AudioToolbox.framework; sourceTree = SDKROOT; };
		E1CA9D0215AB0AE800C5E9AA /* AVFoundation.framework */ = {isa = PBXFileReference; lastKnownFileType = wrapper.framework; name = AVFoundation.framework; path = System/Library/Frameworks/AVFoundation.framework; sourceTree = SDKROOT; };
		E1CD6D2015B30EDD00AB949D /* RecognitionConfig.plist */ = {isa = PBXFileReference; fileEncoding = 4; lastKnownFileType = text.plist.xml; path = RecognitionConfig.plist; sourceTree = "<group>"; };
		E1CD6DBE15B4683C00AB949D /* libGRCommonLib.a */ = {isa = PBXFileReference; lastKnownFileType = archive.ar; name = libGRCommonLib.a; path = "../../../../../../../../../Library/Developer/Xcode/DerivedData/FKIFacade-dltunxfhsxcrxogmdcwjdtfsvwdr/Build/Products/Debug-iphoneos/libGRCommonLib.a"; sourceTree = "<group>"; };
		E1CD6DC315B468EB00AB949D /* GRDirectionFilter.h */ = {isa = PBXFileReference; fileEncoding = 4; lastKnownFileType = sourcecode.c.h; name = GRDirectionFilter.h; path = ../../GRCommonLib/GRCommonLib/Filter/GRDirectionFilter.h; sourceTree = "<group>"; };
		E1CD6DC415B468EB00AB949D /* GREqualityFilter.h */ = {isa = PBXFileReference; fileEncoding = 4; lastKnownFileType = sourcecode.c.h; name = GREqualityFilter.h; path = ../../GRCommonLib/GRCommonLib/Filter/GREqualityFilter.h; sourceTree = "<group>"; };
		E1CD6DC515B468EB00AB949D /* GRFilter.h */ = {isa = PBXFileReference; fileEncoding = 4; lastKnownFileType = sourcecode.c.h; name = GRFilter.h; path = ../../GRCommonLib/GRCommonLib/Filter/GRFilter.h; sourceTree = "<group>"; };
		E1CD6DC615B468EB00AB949D /* GRFilterChain.h */ = {isa = PBXFileReference; fileEncoding = 4; lastKnownFileType = sourcecode.c.h; name = GRFilterChain.h; path = ../../GRCommonLib/GRCommonLib/Filter/GRFilterChain.h; sourceTree = "<group>"; };
		E1CD6DC715B468EB00AB949D /* GRConstants.h */ = {isa = PBXFileReference; fileEncoding = 4; lastKnownFileType = sourcecode.c.h; name = GRConstants.h; path = ../../GRCommonLib/GRCommonLib/GRConstants.h; sourceTree = "<group>"; };
		E1CD6DC815B468EB00AB949D /* GRDataStorage.h */ = {isa = PBXFileReference; fileEncoding = 4; lastKnownFileType = sourcecode.c.h; name = GRDataStorage.h; path = ../../GRCommonLib/GRCommonLib/GRDataStorage.h; sourceTree = "<group>"; };
		E1CD6DC915B468EB00AB949D /* GRFeedbackController.h */ = {isa = PBXFileReference; fileEncoding = 4; lastKnownFileType = sourcecode.c.h; name = GRFeedbackController.h; path = ../../GRCommonLib/GRCommonLib/GRFeedbackController.h; sourceTree = "<group>"; };
		E1CD6DCA15B468EB00AB949D /* GRGesture.h */ = {isa = PBXFileReference; fileEncoding = 4; lastKnownFileType = sourcecode.c.h; name = GRGesture.h; path = ../../GRCommonLib/GRCommonLib/GRGesture.h; sourceTree = "<group>"; };
		E1CD6DCB15B468EB00AB949D /* GRMainControllerBase.h */ = {isa = PBXFileReference; fileEncoding = 4; lastKnownFileType = sourcecode.c.h; name = GRMainControllerBase.h; path = ../../GRCommonLib/GRCommonLib/GRMainControllerBase.h; sourceTree = "<group>"; };
		E1CD6DCC15B468EB00AB949D /* GRMotionSensor.h */ = {isa = PBXFileReference; fileEncoding = 4; lastKnownFileType = sourcecode.c.h; name = GRMotionSensor.h; path = ../../GRCommonLib/GRCommonLib/GRMotionSensor.h; sourceTree = "<group>"; };
		E1CD6DCD15B468EB00AB949D /* GRMotionVector.h */ = {isa = PBXFileReference; fileEncoding = 4; lastKnownFileType = sourcecode.c.h; name = GRMotionVector.h; path = ../../GRCommonLib/GRCommonLib/GRMotionVector.h; sourceTree = "<group>"; };
		E1CD6DCE15B468EB00AB949D /* GRVectorOperation.h */ = {isa = PBXFileReference; fileEncoding = 4; lastKnownFileType = sourcecode.c.h; name = GRVectorOperation.h; path = ../../GRCommonLib/GRCommonLib/GRVectorOperation.h; sourceTree = "<group>"; };
		E1CD6DCF15B468EB00AB949D /* GRViewControllerDelegate.h */ = {isa = PBXFileReference; fileEncoding = 4; lastKnownFileType = sourcecode.c.h; name = GRViewControllerDelegate.h; path = ../../GRCommonLib/GRCommonLib/GRViewControllerDelegate.h; sourceTree = "<group>"; };
		E1CD6E6415B488CE00AB949D /* GTDataRecorder.h */ = {isa = PBXFileReference; fileEncoding = 4; lastKnownFileType = sourcecode.c.h; name = GTDataRecorder.h; path = ../../GRCommonLib/GRCommonLib/GTDataRecorder.h; sourceTree = "<group>"; };
		E1CD6E6515B488D800AB949D /* GRNNClassifier.h */ = {isa = PBXFileReference; fileEncoding = 4; lastKnownFileType = sourcecode.c.h; name = GRNNClassifier.h; path = ../../GRCommonLib/GRCommonLib/GRNNClassifier.h; sourceTree = "<group>"; };
		E1CD6E8515B4BD4200AB949D /* GCDAsyncSocket.h */ = {isa = PBXFileReference; lastKnownFileType = sourcecode.c.h; name = GCDAsyncSocket.h; path = ../../lib/GCDAsyncSocket.h; sourceTree = "<group>"; };
		E1CD6E8615B4BD4200AB949D /* GCDAsyncSocket.m */ = {isa = PBXFileReference; lastKnownFileType = sourcecode.c.objc; name = GCDAsyncSocket.m; path = ../../lib/GCDAsyncSocket.m; sourceTree = "<group>"; };
		E1CD6E8815B4BDF400AB949D /* Security.framework */ = {isa = PBXFileReference; lastKnownFileType = wrapper.framework; name = Security.framework; path = System/Library/Frameworks/Security.framework; sourceTree = SDKROOT; };
		E1CD6E8A15B4BE1900AB949D /* CFNetwork.framework */ = {isa = PBXFileReference; lastKnownFileType = wrapper.framework; name = CFNetwork.framework; path = System/Library/Frameworks/CFNetwork.framework; sourceTree = SDKROOT; };
		E1CD6E8C15B4BE9700AB949D /* GRNetworkClientController.h */ = {isa = PBXFileReference; fileEncoding = 4; lastKnownFileType = sourcecode.c.h; path = GRNetworkClientController.h; sourceTree = "<group>"; };
		E1CD6E8D15B4BE9700AB949D /* GRNetworkClientController.m */ = {isa = PBXFileReference; fileEncoding = 4; lastKnownFileType = sourcecode.c.objc; path = GRNetworkClientController.m; sourceTree = "<group>"; };
		E1CD6E9415B4C5F300AB949D /* NSString+UUID.h */ = {isa = PBXFileReference; fileEncoding = 4; lastKnownFileType = sourcecode.c.h; name = "NSString+UUID.h"; path = "../../GRCommonLib/GRCommonLib/NSString+UUID.h"; sourceTree = "<group>"; };
/* End PBXFileReference section */

/* Begin PBXFrameworksBuildPhase section */
		E1CA9CC515AACB1C00C5E9AA /* Frameworks */ = {
			isa = PBXFrameworksBuildPhase;
			buildActionMask = 2147483647;
			files = (
				E1CD6E8B15B4BE1900AB949D /* CFNetwork.framework in Frameworks */,
				E1CD6E8915B4BDF400AB949D /* Security.framework in Frameworks */,
				E1CD6DBF15B4683C00AB949D /* libGRCommonLib.a in Frameworks */,
				E1CA9D0315AB0AE800C5E9AA /* AVFoundation.framework in Frameworks */,
				E1CA9CFC15AACFB400C5E9AA /* AudioToolbox.framework in Frameworks */,
				E1CA9CEA15AACB6500C5E9AA /* CoreMotion.framework in Frameworks */,
				E1CA9CCD15AACB1D00C5E9AA /* UIKit.framework in Frameworks */,
				E1CA9CCF15AACB1D00C5E9AA /* Foundation.framework in Frameworks */,
				E1CA9CD115AACB1D00C5E9AA /* CoreGraphics.framework in Frameworks */,
			);
			runOnlyForDeploymentPostprocessing = 0;
		};
/* End PBXFrameworksBuildPhase section */

/* Begin PBXGroup section */
		E149CD0415C17269000AA75C /* Data Transmission */ = {
			isa = PBXGroup;
			children = (
				E1CD6E8C15B4BE9700AB949D /* GRNetworkClientController.h */,
				E1CD6E8D15B4BE9700AB949D /* GRNetworkClientController.m */,
			);
			name = "Data Transmission";
			sourceTree = "<group>";
		};
		E1CA9CBD15AACB1C00C5E9AA = {
			isa = PBXGroup;
			children = (
				E1CA9CD215AACB1D00C5E9AA /* GestureRecognizer */,
				E1CD6DB215B4669E00AB949D /* Libraries */,
				E1CA9CCB15AACB1C00C5E9AA /* Frameworks */,
				E1CA9CC915AACB1C00C5E9AA /* Products */,
			);
			sourceTree = "<group>";
		};
		E1CA9CC915AACB1C00C5E9AA /* Products */ = {
			isa = PBXGroup;
			children = (
				E1CA9CC815AACB1C00C5E9AA /* GestureRecognizer.app */,
			);
			name = Products;
			sourceTree = "<group>";
		};
		E1CA9CCB15AACB1C00C5E9AA /* Frameworks */ = {
			isa = PBXGroup;
			children = (
				E1CD6E8A15B4BE1900AB949D /* CFNetwork.framework */,
				E1CD6E8815B4BDF400AB949D /* Security.framework */,
				E1CA9D0215AB0AE800C5E9AA /* AVFoundation.framework */,
				E1CA9CFB15AACFB400C5E9AA /* AudioToolbox.framework */,
				E1CA9CE915AACB6500C5E9AA /* CoreMotion.framework */,
				E1CA9CCC15AACB1C00C5E9AA /* UIKit.framework */,
				E1CA9CCE15AACB1D00C5E9AA /* Foundation.framework */,
				E1CA9CD015AACB1D00C5E9AA /* CoreGraphics.framework */,
			);
			name = Frameworks;
			sourceTree = "<group>";
		};
		E1CA9CD215AACB1D00C5E9AA /* GestureRecognizer */ = {
			isa = PBXGroup;
			children = (
				E149CD0415C17269000AA75C /* Data Transmission */,
				E1CA9CDB15AACB1D00C5E9AA /* GRAppDelegate.h */,
				E1CA9CDC15AACB1D00C5E9AA /* GRAppDelegate.m */,
				E1CA9CF215AACDE600C5E9AA /* GRMainController.h */,
				E1CA9CF315AACDE600C5E9AA /* GRMainController.m */,
				E1CA9CDE15AACB1D00C5E9AA /* GRViewController.h */,
				E1CA9CDF15AACB1D00C5E9AA /* GRViewController.m */,
				E1CA9CE115AACB1D00C5E9AA /* GRViewController.xib */,
				E1CD6D2015B30EDD00AB949D /* RecognitionConfig.plist */,
				E1CA9CD315AACB1D00C5E9AA /* Supporting Files */,
			);
			path = GestureRecognizer;
			sourceTree = "<group>";
		};
		E1CA9CD315AACB1D00C5E9AA /* Supporting Files */ = {
			isa = PBXGroup;
			children = (
				E14AA7BB15C42F9300F991C8 /* Settings.bundle */,
				E1CA9CD415AACB1D00C5E9AA /* GestureRecognizer-Info.plist */,
				E1CA9CD515AACB1D00C5E9AA /* InfoPlist.strings */,
				E1CA9CD815AACB1D00C5E9AA /* main.m */,
				E1CA9CDA15AACB1D00C5E9AA /* GestureRecognizer-Prefix.pch */,
			);
			name = "Supporting Files";
			sourceTree = "<group>";
		};
		E1CD6DB215B4669E00AB949D /* Libraries */ = {
			isa = PBXGroup;
			children = (
				E1CD6E9415B4C5F300AB949D /* NSString+UUID.h */,
				E19F6B0B15B589A700182BA4 /* NSString+UUID.m */,
				E1CD6E8415B4BD2500AB949D /* GCDAsyncSocket */,
				E1CD6E6315B4889400AB949D /* GRCommonLib */,
			);
			name = Libraries;
			path = GestureRecognizer;
			sourceTree = "<group>";
		};
		E1CD6E6315B4889400AB949D /* GRCommonLib */ = {
			isa = PBXGroup;
			children = (
				E1CD6E6515B488D800AB949D /* GRNNClassifier.h */,
				E1CD6E6415B488CE00AB949D /* GTDataRecorder.h */,
				E1CD6DC315B468EB00AB949D /* GRDirectionFilter.h */,
				E1CD6DC415B468EB00AB949D /* GREqualityFilter.h */,
				E1CD6DC515B468EB00AB949D /* GRFilter.h */,
				E1CD6DC615B468EB00AB949D /* GRFilterChain.h */,
				E1CD6DC715B468EB00AB949D /* GRConstants.h */,
				E1CD6DC815B468EB00AB949D /* GRDataStorage.h */,
				E1CD6DC915B468EB00AB949D /* GRFeedbackController.h */,
				E1CD6DCA15B468EB00AB949D /* GRGesture.h */,
				E1CD6DCB15B468EB00AB949D /* GRMainControllerBase.h */,
				E1CD6DCC15B468EB00AB949D /* GRMotionSensor.h */,
				E1CD6DCD15B468EB00AB949D /* GRMotionVector.h */,
				E1CD6DCE15B468EB00AB949D /* GRVectorOperation.h */,
				E1CD6DCF15B468EB00AB949D /* GRViewControllerDelegate.h */,
				E1CD6DBE15B4683C00AB949D /* libGRCommonLib.a */,
			);
			name = GRCommonLib;
			sourceTree = "<group>";
		};
		E1CD6E8415B4BD2500AB949D /* GCDAsyncSocket */ = {
			isa = PBXGroup;
			children = (
				E1CD6E8515B4BD4200AB949D /* GCDAsyncSocket.h */,
				E1CD6E8615B4BD4200AB949D /* GCDAsyncSocket.m */,
			);
			name = GCDAsyncSocket;
			sourceTree = "<group>";
		};
/* End PBXGroup section */

/* Begin PBXNativeTarget section */
		E1CA9CC715AACB1C00C5E9AA /* GestureRecognizer */ = {
			isa = PBXNativeTarget;
			buildConfigurationList = E1CA9CE615AACB1D00C5E9AA /* Build configuration list for PBXNativeTarget "GestureRecognizer" */;
			buildPhases = (
				E1CA9CC415AACB1C00C5E9AA /* Sources */,
				E1CA9CC515AACB1C00C5E9AA /* Frameworks */,
				E1CA9CC615AACB1C00C5E9AA /* Resources */,
			);
			buildRules = (
			);
			dependencies = (
			);
			name = GestureRecognizer;
			productName = GestureRecognizer;
			productReference = E1CA9CC815AACB1C00C5E9AA /* GestureRecognizer.app */;
			productType = "com.apple.product-type.application";
		};
/* End PBXNativeTarget section */

/* Begin PBXProject section */
		E1CA9CBF15AACB1C00C5E9AA /* Project object */ = {
			isa = PBXProject;
			attributes = {
				CLASSPREFIX = GR;
				LastUpgradeCheck = 0430;
			};
			buildConfigurationList = E1CA9CC215AACB1C00C5E9AA /* Build configuration list for PBXProject "GestureRecognizer" */;
			compatibilityVersion = "Xcode 3.2";
			developmentRegion = English;
			hasScannedForEncodings = 0;
			knownRegions = (
				en,
			);
			mainGroup = E1CA9CBD15AACB1C00C5E9AA;
			productRefGroup = E1CA9CC915AACB1C00C5E9AA /* Products */;
			projectDirPath = "";
			projectRoot = "";
			targets = (
				E1CA9CC715AACB1C00C5E9AA /* GestureRecognizer */,
			);
		};
/* End PBXProject section */

/* Begin PBXResourcesBuildPhase section */
		E1CA9CC615AACB1C00C5E9AA /* Resources */ = {
			isa = PBXResourcesBuildPhase;
			buildActionMask = 2147483647;
			files = (
				E1CA9CD715AACB1D00C5E9AA /* InfoPlist.strings in Resources */,
				E1CA9CE315AACB1D00C5E9AA /* GRViewController.xib in Resources */,
				E1CD6D2115B30EDD00AB949D /* RecognitionConfig.plist in Resources */,
				E14AA7BC15C42F9300F991C8 /* Settings.bundle in Resources */,
			);
			runOnlyForDeploymentPostprocessing = 0;
		};
/* End PBXResourcesBuildPhase section */

/* Begin PBXSourcesBuildPhase section */
		E1CA9CC415AACB1C00C5E9AA /* Sources */ = {
			isa = PBXSourcesBuildPhase;
			buildActionMask = 2147483647;
			files = (
				E1CA9CD915AACB1D00C5E9AA /* main.m in Sources */,
				E1CA9CDD15AACB1D00C5E9AA /* GRAppDelegate.m in Sources */,
				E1CA9CE015AACB1D00C5E9AA /* GRViewController.m in Sources */,
				E1CA9CF415AACDE600C5E9AA /* GRMainController.m in Sources */,
				E1CD6E8715B4BD4500AB949D /* GCDAsyncSocket.m in Sources */,
				E1CD6E8E15B4BE9700AB949D /* GRNetworkClientController.m in Sources */,
				E19F6B0C15B589A700182BA4 /* NSString+UUID.m in Sources */,
			);
			runOnlyForDeploymentPostprocessing = 0;
		};
/* End PBXSourcesBuildPhase section */

/* Begin PBXVariantGroup section */
		E1CA9CD515AACB1D00C5E9AA /* InfoPlist.strings */ = {
			isa = PBXVariantGroup;
			children = (
				E1CA9CD615AACB1D00C5E9AA /* en */,
			);
			name = InfoPlist.strings;
			sourceTree = "<group>";
		};
		E1CA9CE115AACB1D00C5E9AA /* GRViewController.xib */ = {
			isa = PBXVariantGroup;
			children = (
				E1CA9CE215AACB1D00C5E9AA /* en */,
			);
			name = GRViewController.xib;
			sourceTree = "<group>";
		};
/* End PBXVariantGroup section */

/* Begin XCBuildConfiguration section */
		E1CA9CE415AACB1D00C5E9AA /* Debug */ = {
			isa = XCBuildConfiguration;
			buildSettings = {
				ALWAYS_SEARCH_USER_PATHS = NO;
				ARCHS = "$(ARCHS_STANDARD_32_BIT)";
				CLANG_ENABLE_OBJC_ARC = YES;
				"CODE_SIGN_IDENTITY[sdk=iphoneos*]" = "iPhone Developer";
				COPY_PHASE_STRIP = NO;
				GCC_C_LANGUAGE_STANDARD = gnu99;
				GCC_DYNAMIC_NO_PIC = NO;
				GCC_OPTIMIZATION_LEVEL = 0;
				GCC_PREPROCESSOR_DEFINITIONS = (
					"DEBUG=1",
					"$(inherited)",
				);
				GCC_SYMBOLS_PRIVATE_EXTERN = NO;
				GCC_VERSION = com.apple.compilers.llvm.clang.1_0;
				GCC_WARN_ABOUT_RETURN_TYPE = YES;
				GCC_WARN_UNINITIALIZED_AUTOS = YES;
				GCC_WARN_UNUSED_VARIABLE = YES;
				IPHONEOS_DEPLOYMENT_TARGET = 5.1;
				SDKROOT = iphoneos;
			};
			name = Debug;
		};
		E1CA9CE515AACB1D00C5E9AA /* Release */ = {
			isa = XCBuildConfiguration;
			buildSettings = {
				ALWAYS_SEARCH_USER_PATHS = NO;
				ARCHS = "$(ARCHS_STANDARD_32_BIT)";
				CLANG_ENABLE_OBJC_ARC = YES;
				"CODE_SIGN_IDENTITY[sdk=iphoneos*]" = "iPhone Developer";
				COPY_PHASE_STRIP = YES;
				GCC_C_LANGUAGE_STANDARD = gnu99;
				GCC_VERSION = com.apple.compilers.llvm.clang.1_0;
				GCC_WARN_ABOUT_RETURN_TYPE = YES;
				GCC_WARN_UNINITIALIZED_AUTOS = YES;
				GCC_WARN_UNUSED_VARIABLE = YES;
				IPHONEOS_DEPLOYMENT_TARGET = 5.1;
				OTHER_CFLAGS = "-DNS_BLOCK_ASSERTIONS=1";
				SDKROOT = iphoneos;
				VALIDATE_PRODUCT = YES;
			};
			name = Release;
		};
		E1CA9CE715AACB1D00C5E9AA /* Debug */ = {
			isa = XCBuildConfiguration;
			buildSettings = {
				GCC_PRECOMPILE_PREFIX_HEADER = YES;
				GCC_PREFIX_HEADER = "GestureRecognizer/GestureRecognizer-Prefix.pch";
				INFOPLIST_FILE = "GestureRecognizer/GestureRecognizer-Info.plist";
				LIBRARY_SEARCH_PATHS = (
					"$(inherited)",
					"\"$(SRCROOT)/../../../../../../../../Library/Developer/Xcode/DerivedData/FKIFacade-dltunxfhsxcrxogmdcwjdtfsvwdr/Build/Products/Debug-iphoneos\"",
				);
				PRODUCT_NAME = "$(TARGET_NAME)";
				WRAPPER_EXTENSION = app;
			};
			name = Debug;
		};
		E1CA9CE815AACB1D00C5E9AA /* Release */ = {
			isa = XCBuildConfiguration;
			buildSettings = {
				GCC_PRECOMPILE_PREFIX_HEADER = YES;
				GCC_PREFIX_HEADER = "GestureRecognizer/GestureRecognizer-Prefix.pch";
				INFOPLIST_FILE = "GestureRecognizer/GestureRecognizer-Info.plist";
				LIBRARY_SEARCH_PATHS = (
					"$(inherited)",
					"\"$(SRCROOT)/../../../../../../../../Library/Developer/Xcode/DerivedData/FKIFacade-dltunxfhsxcrxogmdcwjdtfsvwdr/Build/Products/Debug-iphoneos\"",
				);
				PRODUCT_NAME = "$(TARGET_NAME)";
				WRAPPER_EXTENSION = app;
			};
			name = Release;
		};
/* End XCBuildConfiguration section */

/* Begin XCConfigurationList section */
		E1CA9CC215AACB1C00C5E9AA /* Build configuration list for PBXProject "GestureRecognizer" */ = {
			isa = XCConfigurationList;
			buildConfigurations = (
				E1CA9CE415AACB1D00C5E9AA /* Debug */,
				E1CA9CE515AACB1D00C5E9AA /* Release */,
			);
			defaultConfigurationIsVisible = 0;
			defaultConfigurationName = Release;
		};
		E1CA9CE615AACB1D00C5E9AA /* Build configuration list for PBXNativeTarget "GestureRecognizer" */ = {
			isa = XCConfigurationList;
			buildConfigurations = (
				E1CA9CE715AACB1D00C5E9AA /* Debug */,
				E1CA9CE815AACB1D00C5E9AA /* Release */,
			);
			defaultConfigurationIsVisible = 0;
			defaultConfigurationName = Release;
		};
/* End XCConfigurationList section */
	};
	rootObject = E1CA9CBF15AACB1C00C5E9AA /* Project object */;
}
