// !$*UTF8*$!
{
	archiveVersion = 1;
	classes = {
	};
	objectVersion = 46;
	objects = {

/* Begin PBXBuildFile section */
		E104B20C15B1DE4C0090D42C /* GRNNClassifier.m in Sources */ = {isa = PBXBuildFile; fileRef = E104B20B15B1DE4C0090D42C /* GRNNClassifier.m */; };
		E104B20F15B1FEA80090D42C /* GRGesture.m in Sources */ = {isa = PBXBuildFile; fileRef = E104B20E15B1FEA80090D42C /* GRGesture.m */; };
		E1CA9CCD15AACB1D00C5E9AA /* UIKit.framework in Frameworks */ = {isa = PBXBuildFile; fileRef = E1CA9CCC15AACB1C00C5E9AA /* UIKit.framework */; };
		E1CA9CCF15AACB1D00C5E9AA /* Foundation.framework in Frameworks */ = {isa = PBXBuildFile; fileRef = E1CA9CCE15AACB1D00C5E9AA /* Foundation.framework */; };
		E1CA9CD115AACB1D00C5E9AA /* CoreGraphics.framework in Frameworks */ = {isa = PBXBuildFile; fileRef = E1CA9CD015AACB1D00C5E9AA /* CoreGraphics.framework */; };
		E1CA9CD715AACB1D00C5E9AA /* InfoPlist.strings in Resources */ = {isa = PBXBuildFile; fileRef = E1CA9CD515AACB1D00C5E9AA /* InfoPlist.strings */; };
		E1CA9CD915AACB1D00C5E9AA /* main.m in Sources */ = {isa = PBXBuildFile; fileRef = E1CA9CD815AACB1D00C5E9AA /* main.m */; };
		E1CA9CDD15AACB1D00C5E9AA /* GRAppDelegate.m in Sources */ = {isa = PBXBuildFile; fileRef = E1CA9CDC15AACB1D00C5E9AA /* GRAppDelegate.m */; };
		E1CA9CE015AACB1D00C5E9AA /* GRViewController.m in Sources */ = {isa = PBXBuildFile; fileRef = E1CA9CDF15AACB1D00C5E9AA /* GRViewController.m */; };
		E1CA9CE315AACB1D00C5E9AA /* GRViewController.xib in Resources */ = {isa = PBXBuildFile; fileRef = E1CA9CE115AACB1D00C5E9AA /* GRViewController.xib */; };
		E1CA9CEA15AACB6500C5E9AA /* CoreMotion.framework in Frameworks */ = {isa = PBXBuildFile; fileRef = E1CA9CE915AACB6500C5E9AA /* CoreMotion.framework */; };
		E1CA9CF015AACDB600C5E9AA /* GTMainController.m in Sources */ = {isa = PBXBuildFile; fileRef = E1CA9CED15AACDB600C5E9AA /* GTMainController.m */; };
		E1CA9CF115AACDB600C5E9AA /* GRMotionSensor.m in Sources */ = {isa = PBXBuildFile; fileRef = E1CA9CEF15AACDB600C5E9AA /* GRMotionSensor.m */; };
		E1CA9CF415AACDE600C5E9AA /* GRMainController.m in Sources */ = {isa = PBXBuildFile; fileRef = E1CA9CF315AACDE600C5E9AA /* GRMainController.m */; };
		E1CA9CF915AACF9600C5E9AA /* GTDataRecorder.m in Sources */ = {isa = PBXBuildFile; fileRef = E1CA9CF615AACE3700C5E9AA /* GTDataRecorder.m */; };
		E1CA9CFA15AACF9900C5E9AA /* GRFeedbackController.m in Sources */ = {isa = PBXBuildFile; fileRef = E1CA9CF815AACE5B00C5E9AA /* GRFeedbackController.m */; };
		E1CA9CFC15AACFB400C5E9AA /* AudioToolbox.framework in Frameworks */ = {isa = PBXBuildFile; fileRef = E1CA9CFB15AACFB400C5E9AA /* AudioToolbox.framework */; };
		E1CA9D0315AB0AE800C5E9AA /* AVFoundation.framework in Frameworks */ = {isa = PBXBuildFile; fileRef = E1CA9D0215AB0AE800C5E9AA /* AVFoundation.framework */; };
		E1CA9D1715AD967100C5E9AA /* GRMainControllerBase.m in Sources */ = {isa = PBXBuildFile; fileRef = E1CA9D1615AD966B00C5E9AA /* GRMainControllerBase.m */; };
		E1CA9D1D15AD9BD000C5E9AA /* GRDirectionFilter.m in Sources */ = {isa = PBXBuildFile; fileRef = E1CA9D1C15AD9BD000C5E9AA /* GRDirectionFilter.m */; };
		E1CA9D2015AD9BE800C5E9AA /* GREqualityFilter.m in Sources */ = {isa = PBXBuildFile; fileRef = E1CA9D1F15AD9BE800C5E9AA /* GREqualityFilter.m */; };
		E1CA9D3115AD9E0700C5E9AA /* GRFilterChain.m in Sources */ = {isa = PBXBuildFile; fileRef = E1CA9D3015AD9E0700C5E9AA /* GRFilterChain.m */; };
		E1CD6D1D15B30D7100AB949D /* GRVectorOperation.m in Sources */ = {isa = PBXBuildFile; fileRef = E1CD6D1C15B30D7100AB949D /* GRVectorOperation.m */; };
		E1CD6D2115B30EDD00AB949D /* RecognitionConfig.plist in Resources */ = {isa = PBXBuildFile; fileRef = E1CD6D2015B30EDD00AB949D /* RecognitionConfig.plist */; };
		E1CD6D2415B3111D00AB949D /* GRConfiguration.m in Sources */ = {isa = PBXBuildFile; fileRef = E1CD6D2315B3111D00AB949D /* GRConfiguration.m */; };
		E1CD6D3315B33ACC00AB949D /* GRMotionVector.m in Sources */ = {isa = PBXBuildFile; fileRef = E1CD6D3215B33ACB00AB949D /* GRMotionVector.m */; };
		E1F79F4415B0283A0065835E /* GRDataStorage.m in Sources */ = {isa = PBXBuildFile; fileRef = E1F79F4315B028390065835E /* GRDataStorage.m */; };
/* End PBXBuildFile section */

/* Begin PBXFileReference section */
		E104B20A15B1DE4C0090D42C /* GRNNClassifier.h */ = {isa = PBXFileReference; fileEncoding = 4; lastKnownFileType = sourcecode.c.h; path = GRNNClassifier.h; sourceTree = "<group>"; };
		E104B20B15B1DE4C0090D42C /* GRNNClassifier.m */ = {isa = PBXFileReference; fileEncoding = 4; lastKnownFileType = sourcecode.c.objc; lineEnding = 0; path = GRNNClassifier.m; sourceTree = "<group>"; xcLanguageSpecificationIdentifier = xcode.lang.objc; };
		E104B20D15B1FEA80090D42C /* GRGesture.h */ = {isa = PBXFileReference; fileEncoding = 4; lastKnownFileType = sourcecode.c.h; path = GRGesture.h; sourceTree = "<group>"; };
		E104B20E15B1FEA80090D42C /* GRGesture.m */ = {isa = PBXFileReference; fileEncoding = 4; lastKnownFileType = sourcecode.c.objc; path = GRGesture.m; sourceTree = "<group>"; };
		E1CA9CC815AACB1C00C5E9AA /* GestureRecognizer.app */ = {isa = PBXFileReference; explicitFileType = wrapper.application; includeInIndex = 0; path = GestureRecognizer.app; sourceTree = BUILT_PRODUCTS_DIR; };
		E1CA9CCC15AACB1C00C5E9AA /* UIKit.framework */ = {isa = PBXFileReference; lastKnownFileType = wrapper.framework; name = UIKit.framework; path = System/Library/Frameworks/UIKit.framework; sourceTree = SDKROOT; };
		E1CA9CCE15AACB1D00C5E9AA /* Foundation.framework */ = {isa = PBXFileReference; lastKnownFileType = wrapper.framework; name = Foundation.framework; path = System/Library/Frameworks/Foundation.framework; sourceTree = SDKROOT; };
		E1CA9CD015AACB1D00C5E9AA /* CoreGraphics.framework */ = {isa = PBXFileReference; lastKnownFileType = wrapper.framework; name = CoreGraphics.framework; path = System/Library/Frameworks/CoreGraphics.framework; sourceTree = SDKROOT; };
		E1CA9CD415AACB1D00C5E9AA /* GestureRecognizer-Info.plist */ = {isa = PBXFileReference; lastKnownFileType = text.plist.xml; path = "GestureRecognizer-Info.plist"; sourceTree = "<group>"; };
		E1CA9CD615AACB1D00C5E9AA /* en */ = {isa = PBXFileReference; lastKnownFileType = text.plist.strings; name = en; path = en.lproj/InfoPlist.strings; sourceTree = "<group>"; };
		E1CA9CD815AACB1D00C5E9AA /* main.m */ = {isa = PBXFileReference; lastKnownFileType = sourcecode.c.objc; path = main.m; sourceTree = "<group>"; };
		E1CA9CDA15AACB1D00C5E9AA /* GestureRecognizer-Prefix.pch */ = {isa = PBXFileReference; lastKnownFileType = sourcecode.c.h; path = "GestureRecognizer-Prefix.pch"; sourceTree = "<group>"; };
		E1CA9CDB15AACB1D00C5E9AA /* GRAppDelegate.h */ = {isa = PBXFileReference; lastKnownFileType = sourcecode.c.h; path = GRAppDelegate.h; sourceTree = "<group>"; };
		E1CA9CDC15AACB1D00C5E9AA /* GRAppDelegate.m */ = {isa = PBXFileReference; lastKnownFileType = sourcecode.c.objc; path = GRAppDelegate.m; sourceTree = "<group>"; };
		E1CA9CDE15AACB1D00C5E9AA /* GRViewController.h */ = {isa = PBXFileReference; lastKnownFileType = sourcecode.c.h; path = GRViewController.h; sourceTree = "<group>"; };
		E1CA9CDF15AACB1D00C5E9AA /* GRViewController.m */ = {isa = PBXFileReference; lastKnownFileType = sourcecode.c.objc; path = GRViewController.m; sourceTree = "<group>"; };
		E1CA9CE215AACB1D00C5E9AA /* en */ = {isa = PBXFileReference; lastKnownFileType = file.xib; name = en; path = en.lproj/GRViewController.xib; sourceTree = "<group>"; };
		E1CA9CE915AACB6500C5E9AA /* CoreMotion.framework */ = {isa = PBXFileReference; lastKnownFileType = wrapper.framework; name = CoreMotion.framework; path = System/Library/Frameworks/CoreMotion.framework; sourceTree = SDKROOT; };
		E1CA9CEC15AACDB600C5E9AA /* GTMainController.h */ = {isa = PBXFileReference; fileEncoding = 4; lastKnownFileType = sourcecode.c.h; name = GTMainController.h; path = ../../GestureTraining/GestureTraining/GTMainController.h; sourceTree = "<group>"; };
		E1CA9CED15AACDB600C5E9AA /* GTMainController.m */ = {isa = PBXFileReference; fileEncoding = 4; lastKnownFileType = sourcecode.c.objc; lineEnding = 0; name = GTMainController.m; path = ../../GestureTraining/GestureTraining/GTMainController.m; sourceTree = "<group>"; xcLanguageSpecificationIdentifier = xcode.lang.objc; };
		E1CA9CEE15AACDB600C5E9AA /* GRMotionSensor.h */ = {isa = PBXFileReference; fileEncoding = 4; lastKnownFileType = sourcecode.c.h; lineEnding = 0; name = GRMotionSensor.h; path = ../GRMotionSensor.h; sourceTree = "<group>"; xcLanguageSpecificationIdentifier = xcode.lang.objcpp; };
		E1CA9CEF15AACDB600C5E9AA /* GRMotionSensor.m */ = {isa = PBXFileReference; fileEncoding = 4; lastKnownFileType = sourcecode.c.objc; lineEnding = 0; name = GRMotionSensor.m; path = ../GRMotionSensor.m; sourceTree = "<group>"; xcLanguageSpecificationIdentifier = xcode.lang.objc; };
		E1CA9CF215AACDE600C5E9AA /* GRMainController.h */ = {isa = PBXFileReference; fileEncoding = 4; lastKnownFileType = sourcecode.c.h; path = GRMainController.h; sourceTree = "<group>"; };
		E1CA9CF315AACDE600C5E9AA /* GRMainController.m */ = {isa = PBXFileReference; fileEncoding = 4; lastKnownFileType = sourcecode.c.objc; lineEnding = 0; path = GRMainController.m; sourceTree = "<group>"; xcLanguageSpecificationIdentifier = xcode.lang.objc; };
		E1CA9CF515AACE3700C5E9AA /* GTDataRecorder.h */ = {isa = PBXFileReference; fileEncoding = 4; lastKnownFileType = sourcecode.c.h; name = GTDataRecorder.h; path = ../../GestureTraining/GestureTraining/GTDataRecorder.h; sourceTree = "<group>"; };
		E1CA9CF615AACE3700C5E9AA /* GTDataRecorder.m */ = {isa = PBXFileReference; fileEncoding = 4; lastKnownFileType = sourcecode.c.objc; lineEnding = 0; name = GTDataRecorder.m; path = ../../GestureTraining/GestureTraining/GTDataRecorder.m; sourceTree = "<group>"; xcLanguageSpecificationIdentifier = xcode.lang.objc; };
		E1CA9CF715AACE5B00C5E9AA /* GRFeedbackController.h */ = {isa = PBXFileReference; fileEncoding = 4; lastKnownFileType = sourcecode.c.h; name = GRFeedbackController.h; path = ../GRFeedbackController.h; sourceTree = "<group>"; };
		E1CA9CF815AACE5B00C5E9AA /* GRFeedbackController.m */ = {isa = PBXFileReference; fileEncoding = 4; lastKnownFileType = sourcecode.c.objc; name = GRFeedbackController.m; path = ../GRFeedbackController.m; sourceTree = "<group>"; };
		E1CA9CFB15AACFB400C5E9AA /* AudioToolbox.framework */ = {isa = PBXFileReference; lastKnownFileType = wrapper.framework; name = AudioToolbox.framework; path = System/Library/Frameworks/AudioToolbox.framework; sourceTree = SDKROOT; };
		E1CA9D0215AB0AE800C5E9AA /* AVFoundation.framework */ = {isa = PBXFileReference; lastKnownFileType = wrapper.framework; name = AVFoundation.framework; path = System/Library/Frameworks/AVFoundation.framework; sourceTree = SDKROOT; };
		E1CA9D1115AD86FF00C5E9AA /* GRViewControllerDelegate.h */ = {isa = PBXFileReference; fileEncoding = 4; lastKnownFileType = sourcecode.c.h; path = GRViewControllerDelegate.h; sourceTree = "<group>"; };
		E1CA9D1515AD966B00C5E9AA /* GRMainControllerBase.h */ = {isa = PBXFileReference; fileEncoding = 4; lastKnownFileType = sourcecode.c.h; path = GRMainControllerBase.h; sourceTree = "<group>"; };
		E1CA9D1615AD966B00C5E9AA /* GRMainControllerBase.m */ = {isa = PBXFileReference; fileEncoding = 4; lastKnownFileType = sourcecode.c.objc; lineEnding = 0; path = GRMainControllerBase.m; sourceTree = "<group>"; xcLanguageSpecificationIdentifier = xcode.lang.objc; };
		E1CA9D1915AD988700C5E9AA /* GRConstants.h */ = {isa = PBXFileReference; fileEncoding = 4; lastKnownFileType = sourcecode.c.h; path = GRConstants.h; sourceTree = "<group>"; };
		E1CA9D1B15AD9BD000C5E9AA /* GRDirectionFilter.h */ = {isa = PBXFileReference; fileEncoding = 4; lastKnownFileType = sourcecode.c.h; lineEnding = 0; path = GRDirectionFilter.h; sourceTree = "<group>"; xcLanguageSpecificationIdentifier = xcode.lang.objcpp; };
		E1CA9D1C15AD9BD000C5E9AA /* GRDirectionFilter.m */ = {isa = PBXFileReference; fileEncoding = 4; lastKnownFileType = sourcecode.c.objc; path = GRDirectionFilter.m; sourceTree = "<group>"; };
		E1CA9D1E15AD9BE800C5E9AA /* GREqualityFilter.h */ = {isa = PBXFileReference; fileEncoding = 4; lastKnownFileType = sourcecode.c.h; path = GREqualityFilter.h; sourceTree = "<group>"; };
		E1CA9D1F15AD9BE800C5E9AA /* GREqualityFilter.m */ = {isa = PBXFileReference; fileEncoding = 4; lastKnownFileType = sourcecode.c.objc; path = GREqualityFilter.m; sourceTree = "<group>"; };
		E1CA9D2115AD9BFC00C5E9AA /* GRFilter.h */ = {isa = PBXFileReference; lastKnownFileType = sourcecode.c.h; path = GRFilter.h; sourceTree = "<group>"; };
		E1CA9D2F15AD9E0700C5E9AA /* GRFilterChain.h */ = {isa = PBXFileReference; fileEncoding = 4; lastKnownFileType = sourcecode.c.h; path = GRFilterChain.h; sourceTree = "<group>"; };
		E1CA9D3015AD9E0700C5E9AA /* GRFilterChain.m */ = {isa = PBXFileReference; fileEncoding = 4; lastKnownFileType = sourcecode.c.objc; path = GRFilterChain.m; sourceTree = "<group>"; };
		E1CD6D1B15B30D7100AB949D /* GRVectorOperation.h */ = {isa = PBXFileReference; fileEncoding = 4; lastKnownFileType = sourcecode.c.h; path = GRVectorOperation.h; sourceTree = "<group>"; };
		E1CD6D1C15B30D7100AB949D /* GRVectorOperation.m */ = {isa = PBXFileReference; fileEncoding = 4; lastKnownFileType = sourcecode.c.objc; path = GRVectorOperation.m; sourceTree = "<group>"; };
		E1CD6D2015B30EDD00AB949D /* RecognitionConfig.plist */ = {isa = PBXFileReference; fileEncoding = 4; lastKnownFileType = text.plist.xml; path = RecognitionConfig.plist; sourceTree = "<group>"; };
		E1CD6D2215B3111D00AB949D /* GRConfiguration.h */ = {isa = PBXFileReference; fileEncoding = 4; lastKnownFileType = sourcecode.c.h; path = GRConfiguration.h; sourceTree = "<group>"; };
		E1CD6D2315B3111D00AB949D /* GRConfiguration.m */ = {isa = PBXFileReference; fileEncoding = 4; lastKnownFileType = sourcecode.c.objc; path = GRConfiguration.m; sourceTree = "<group>"; };
		E1CD6D3115B33ACB00AB949D /* GRMotionVector.h */ = {isa = PBXFileReference; fileEncoding = 4; lastKnownFileType = sourcecode.c.h; path = GRMotionVector.h; sourceTree = "<group>"; };
		E1CD6D3215B33ACB00AB949D /* GRMotionVector.m */ = {isa = PBXFileReference; fileEncoding = 4; lastKnownFileType = sourcecode.c.objc; path = GRMotionVector.m; sourceTree = "<group>"; };
		E1F79F4215B028390065835E /* GRDataStorage.h */ = {isa = PBXFileReference; fileEncoding = 4; lastKnownFileType = sourcecode.c.h; path = GRDataStorage.h; sourceTree = "<group>"; };
		E1F79F4315B028390065835E /* GRDataStorage.m */ = {isa = PBXFileReference; fileEncoding = 4; lastKnownFileType = sourcecode.c.objc; lineEnding = 0; path = GRDataStorage.m; sourceTree = "<group>"; xcLanguageSpecificationIdentifier = xcode.lang.objc; };
/* End PBXFileReference section */

/* Begin PBXFrameworksBuildPhase section */
		E1CA9CC515AACB1C00C5E9AA /* Frameworks */ = {
			isa = PBXFrameworksBuildPhase;
			buildActionMask = 2147483647;
			files = (
				E1CA9D0315AB0AE800C5E9AA /* AVFoundation.framework in Frameworks */,
				E1CA9CFC15AACFB400C5E9AA /* AudioToolbox.framework in Frameworks */,
				E1CA9CEA15AACB6500C5E9AA /* CoreMotion.framework in Frameworks */,
				E1CA9CCD15AACB1D00C5E9AA /* UIKit.framework in Frameworks */,
				E1CA9CCF15AACB1D00C5E9AA /* Foundation.framework in Frameworks */,
				E1CA9CD115AACB1D00C5E9AA /* CoreGraphics.framework in Frameworks */,
			);
			runOnlyForDeploymentPostprocessing = 0;
		};
/* End PBXFrameworksBuildPhase section */

/* Begin PBXGroup section */
		E1CA9CBD15AACB1C00C5E9AA = {
			isa = PBXGroup;
			children = (
				E1CA9CD215AACB1D00C5E9AA /* GestureRecognizer */,
				E1CA9CCB15AACB1C00C5E9AA /* Frameworks */,
				E1CA9CC915AACB1C00C5E9AA /* Products */,
			);
			sourceTree = "<group>";
		};
		E1CA9CC915AACB1C00C5E9AA /* Products */ = {
			isa = PBXGroup;
			children = (
				E1CA9CC815AACB1C00C5E9AA /* GestureRecognizer.app */,
			);
			name = Products;
			sourceTree = "<group>";
		};
		E1CA9CCB15AACB1C00C5E9AA /* Frameworks */ = {
			isa = PBXGroup;
			children = (
				E1CA9D0215AB0AE800C5E9AA /* AVFoundation.framework */,
				E1CA9CFB15AACFB400C5E9AA /* AudioToolbox.framework */,
				E1CA9CE915AACB6500C5E9AA /* CoreMotion.framework */,
				E1CA9CCC15AACB1C00C5E9AA /* UIKit.framework */,
				E1CA9CCE15AACB1D00C5E9AA /* Foundation.framework */,
				E1CA9CD015AACB1D00C5E9AA /* CoreGraphics.framework */,
			);
			name = Frameworks;
			sourceTree = "<group>";
		};
		E1CA9CD215AACB1D00C5E9AA /* GestureRecognizer */ = {
			isa = PBXGroup;
			children = (
				E1CD6D1F15B30EB500AB949D /* Configuration */,
				E1CA9D1015AD86FF00C5E9AA /* CommonInterfaces */,
				E1CA9CEB15AACD9200C5E9AA /* GTImports */,
				E1CA9CDB15AACB1D00C5E9AA /* GRAppDelegate.h */,
				E1CA9CDC15AACB1D00C5E9AA /* GRAppDelegate.m */,
				E1CA9CF215AACDE600C5E9AA /* GRMainController.h */,
				E1CA9CF315AACDE600C5E9AA /* GRMainController.m */,
				E1CA9CDE15AACB1D00C5E9AA /* GRViewController.h */,
				E1CA9CDF15AACB1D00C5E9AA /* GRViewController.m */,
				E104B20A15B1DE4C0090D42C /* GRNNClassifier.h */,
				E104B20B15B1DE4C0090D42C /* GRNNClassifier.m */,
				E1CA9CE115AACB1D00C5E9AA /* GRViewController.xib */,
				E1CA9CD315AACB1D00C5E9AA /* Supporting Files */,
			);
			path = GestureRecognizer;
			sourceTree = "<group>";
		};
		E1CA9CD315AACB1D00C5E9AA /* Supporting Files */ = {
			isa = PBXGroup;
			children = (
				E1CA9CD415AACB1D00C5E9AA /* GestureRecognizer-Info.plist */,
				E1CA9CD515AACB1D00C5E9AA /* InfoPlist.strings */,
				E1CA9CD815AACB1D00C5E9AA /* main.m */,
				E1CA9CDA15AACB1D00C5E9AA /* GestureRecognizer-Prefix.pch */,
			);
			name = "Supporting Files";
			sourceTree = "<group>";
		};
		E1CA9CEB15AACD9200C5E9AA /* GTImports */ = {
			isa = PBXGroup;
			children = (
				E1CA9CEC15AACDB600C5E9AA /* GTMainController.h */,
				E1CA9CED15AACDB600C5E9AA /* GTMainController.m */,
				E1CA9CF515AACE3700C5E9AA /* GTDataRecorder.h */,
				E1CA9CF615AACE3700C5E9AA /* GTDataRecorder.m */,
			);
			name = GTImports;
			sourceTree = "<group>";
		};
		E1CA9D1015AD86FF00C5E9AA /* CommonInterfaces */ = {
			isa = PBXGroup;
			children = (
				E1CA9D1A15AD9BAA00C5E9AA /* Filter */,
				E1CA9D1915AD988700C5E9AA /* GRConstants.h */,
				E1F79F4215B028390065835E /* GRDataStorage.h */,
				E1F79F4315B028390065835E /* GRDataStorage.m */,
				E1CA9D1515AD966B00C5E9AA /* GRMainControllerBase.h */,
				E1CA9D1615AD966B00C5E9AA /* GRMainControllerBase.m */,
				E1CA9CEE15AACDB600C5E9AA /* GRMotionSensor.h */,
				E1CA9CEF15AACDB600C5E9AA /* GRMotionSensor.m */,
				E1CA9CF715AACE5B00C5E9AA /* GRFeedbackController.h */,
				E1CA9CF815AACE5B00C5E9AA /* GRFeedbackController.m */,
				E1CA9D1115AD86FF00C5E9AA /* GRViewControllerDelegate.h */,
				E1CD6D1B15B30D7100AB949D /* GRVectorOperation.h */,
				E1CD6D1C15B30D7100AB949D /* GRVectorOperation.m */,
				E104B20D15B1FEA80090D42C /* GRGesture.h */,
				E104B20E15B1FEA80090D42C /* GRGesture.m */,
				E1CD6D3115B33ACB00AB949D /* GRMotionVector.h */,
				E1CD6D3215B33ACB00AB949D /* GRMotionVector.m */,
			);
			name = CommonInterfaces;
			path = ../../GestureTraining/GestureTraining/CommonInterfaces;
			sourceTree = "<group>";
		};
		E1CA9D1A15AD9BAA00C5E9AA /* Filter */ = {
			isa = PBXGroup;
			children = (
				E1CA9D1B15AD9BD000C5E9AA /* GRDirectionFilter.h */,
				E1CA9D1C15AD9BD000C5E9AA /* GRDirectionFilter.m */,
				E1CA9D1E15AD9BE800C5E9AA /* GREqualityFilter.h */,
				E1CA9D1F15AD9BE800C5E9AA /* GREqualityFilter.m */,
				E1CA9D2115AD9BFC00C5E9AA /* GRFilter.h */,
				E1CA9D2F15AD9E0700C5E9AA /* GRFilterChain.h */,
				E1CA9D3015AD9E0700C5E9AA /* GRFilterChain.m */,
			);
			path = Filter;
			sourceTree = "<group>";
		};
		E1CD6D1F15B30EB500AB949D /* Configuration */ = {
			isa = PBXGroup;
			children = (
				E1CD6D2015B30EDD00AB949D /* RecognitionConfig.plist */,
				E1CD6D2215B3111D00AB949D /* GRConfiguration.h */,
				E1CD6D2315B3111D00AB949D /* GRConfiguration.m */,
			);
			name = Configuration;
			sourceTree = "<group>";
		};
/* End PBXGroup section */

/* Begin PBXNativeTarget section */
		E1CA9CC715AACB1C00C5E9AA /* GestureRecognizer */ = {
			isa = PBXNativeTarget;
			buildConfigurationList = E1CA9CE615AACB1D00C5E9AA /* Build configuration list for PBXNativeTarget "GestureRecognizer" */;
			buildPhases = (
				E1CA9CC415AACB1C00C5E9AA /* Sources */,
				E1CA9CC515AACB1C00C5E9AA /* Frameworks */,
				E1CA9CC615AACB1C00C5E9AA /* Resources */,
			);
			buildRules = (
			);
			dependencies = (
			);
			name = GestureRecognizer;
			productName = GestureRecognizer;
			productReference = E1CA9CC815AACB1C00C5E9AA /* GestureRecognizer.app */;
			productType = "com.apple.product-type.application";
		};
/* End PBXNativeTarget section */

/* Begin PBXProject section */
		E1CA9CBF15AACB1C00C5E9AA /* Project object */ = {
			isa = PBXProject;
			attributes = {
				CLASSPREFIX = GR;
				LastUpgradeCheck = 0430;
			};
			buildConfigurationList = E1CA9CC215AACB1C00C5E9AA /* Build configuration list for PBXProject "GestureRecognizer" */;
			compatibilityVersion = "Xcode 3.2";
			developmentRegion = English;
			hasScannedForEncodings = 0;
			knownRegions = (
				en,
			);
			mainGroup = E1CA9CBD15AACB1C00C5E9AA;
			productRefGroup = E1CA9CC915AACB1C00C5E9AA /* Products */;
			projectDirPath = "";
			projectRoot = "";
			targets = (
				E1CA9CC715AACB1C00C5E9AA /* GestureRecognizer */,
			);
		};
/* End PBXProject section */

/* Begin PBXResourcesBuildPhase section */
		E1CA9CC615AACB1C00C5E9AA /* Resources */ = {
			isa = PBXResourcesBuildPhase;
			buildActionMask = 2147483647;
			files = (
				E1CA9CD715AACB1D00C5E9AA /* InfoPlist.strings in Resources */,
				E1CA9CE315AACB1D00C5E9AA /* GRViewController.xib in Resources */,
				E1CD6D2115B30EDD00AB949D /* RecognitionConfig.plist in Resources */,
			);
			runOnlyForDeploymentPostprocessing = 0;
		};
/* End PBXResourcesBuildPhase section */

/* Begin PBXSourcesBuildPhase section */
		E1CA9CC415AACB1C00C5E9AA /* Sources */ = {
			isa = PBXSourcesBuildPhase;
			buildActionMask = 2147483647;
			files = (
				E1CA9CD915AACB1D00C5E9AA /* main.m in Sources */,
				E1CA9CDD15AACB1D00C5E9AA /* GRAppDelegate.m in Sources */,
				E1CA9CE015AACB1D00C5E9AA /* GRViewController.m in Sources */,
				E1CA9CF015AACDB600C5E9AA /* GTMainController.m in Sources */,
				E1CA9CF115AACDB600C5E9AA /* GRMotionSensor.m in Sources */,
				E1CA9CF415AACDE600C5E9AA /* GRMainController.m in Sources */,
				E1CA9CF915AACF9600C5E9AA /* GTDataRecorder.m in Sources */,
				E1CA9CFA15AACF9900C5E9AA /* GRFeedbackController.m in Sources */,
				E1CA9D1715AD967100C5E9AA /* GRMainControllerBase.m in Sources */,
				E1CA9D1D15AD9BD000C5E9AA /* GRDirectionFilter.m in Sources */,
				E1CA9D2015AD9BE800C5E9AA /* GREqualityFilter.m in Sources */,
				E1CA9D3115AD9E0700C5E9AA /* GRFilterChain.m in Sources */,
				E1F79F4415B0283A0065835E /* GRDataStorage.m in Sources */,
				E104B20C15B1DE4C0090D42C /* GRNNClassifier.m in Sources */,
				E104B20F15B1FEA80090D42C /* GRGesture.m in Sources */,
				E1CD6D1D15B30D7100AB949D /* GRVectorOperation.m in Sources */,
				E1CD6D2415B3111D00AB949D /* GRConfiguration.m in Sources */,
				E1CD6D3315B33ACC00AB949D /* GRMotionVector.m in Sources */,
			);
			runOnlyForDeploymentPostprocessing = 0;
		};
/* End PBXSourcesBuildPhase section */

/* Begin PBXVariantGroup section */
		E1CA9CD515AACB1D00C5E9AA /* InfoPlist.strings */ = {
			isa = PBXVariantGroup;
			children = (
				E1CA9CD615AACB1D00C5E9AA /* en */,
			);
			name = InfoPlist.strings;
			sourceTree = "<group>";
		};
		E1CA9CE115AACB1D00C5E9AA /* GRViewController.xib */ = {
			isa = PBXVariantGroup;
			children = (
				E1CA9CE215AACB1D00C5E9AA /* en */,
			);
			name = GRViewController.xib;
			sourceTree = "<group>";
		};
/* End PBXVariantGroup section */

/* Begin XCBuildConfiguration section */
		E1CA9CE415AACB1D00C5E9AA /* Debug */ = {
			isa = XCBuildConfiguration;
			buildSettings = {
				ALWAYS_SEARCH_USER_PATHS = NO;
				ARCHS = "$(ARCHS_STANDARD_32_BIT)";
				CLANG_ENABLE_OBJC_ARC = YES;
				"CODE_SIGN_IDENTITY[sdk=iphoneos*]" = "iPhone Developer";
				COPY_PHASE_STRIP = NO;
				GCC_C_LANGUAGE_STANDARD = gnu99;
				GCC_DYNAMIC_NO_PIC = NO;
				GCC_OPTIMIZATION_LEVEL = 0;
				GCC_PREPROCESSOR_DEFINITIONS = (
					"DEBUG=1",
					"$(inherited)",
				);
				GCC_SYMBOLS_PRIVATE_EXTERN = NO;
				GCC_VERSION = com.apple.compilers.llvm.clang.1_0;
				GCC_WARN_ABOUT_RETURN_TYPE = YES;
				GCC_WARN_UNINITIALIZED_AUTOS = YES;
				GCC_WARN_UNUSED_VARIABLE = YES;
				IPHONEOS_DEPLOYMENT_TARGET = 5.1;
				SDKROOT = iphoneos;
			};
			name = Debug;
		};
		E1CA9CE515AACB1D00C5E9AA /* Release */ = {
			isa = XCBuildConfiguration;
			buildSettings = {
				ALWAYS_SEARCH_USER_PATHS = NO;
				ARCHS = "$(ARCHS_STANDARD_32_BIT)";
				CLANG_ENABLE_OBJC_ARC = YES;
				"CODE_SIGN_IDENTITY[sdk=iphoneos*]" = "iPhone Developer";
				COPY_PHASE_STRIP = YES;
				GCC_C_LANGUAGE_STANDARD = gnu99;
				GCC_VERSION = com.apple.compilers.llvm.clang.1_0;
				GCC_WARN_ABOUT_RETURN_TYPE = YES;
				GCC_WARN_UNINITIALIZED_AUTOS = YES;
				GCC_WARN_UNUSED_VARIABLE = YES;
				IPHONEOS_DEPLOYMENT_TARGET = 5.1;
				OTHER_CFLAGS = "-DNS_BLOCK_ASSERTIONS=1";
				SDKROOT = iphoneos;
				VALIDATE_PRODUCT = YES;
			};
			name = Release;
		};
		E1CA9CE715AACB1D00C5E9AA /* Debug */ = {
			isa = XCBuildConfiguration;
			buildSettings = {
				GCC_PRECOMPILE_PREFIX_HEADER = YES;
				GCC_PREFIX_HEADER = "GestureRecognizer/GestureRecognizer-Prefix.pch";
				INFOPLIST_FILE = "GestureRecognizer/GestureRecognizer-Info.plist";
				PRODUCT_NAME = "$(TARGET_NAME)";
				WRAPPER_EXTENSION = app;
			};
			name = Debug;
		};
		E1CA9CE815AACB1D00C5E9AA /* Release */ = {
			isa = XCBuildConfiguration;
			buildSettings = {
				GCC_PRECOMPILE_PREFIX_HEADER = YES;
				GCC_PREFIX_HEADER = "GestureRecognizer/GestureRecognizer-Prefix.pch";
				INFOPLIST_FILE = "GestureRecognizer/GestureRecognizer-Info.plist";
				PRODUCT_NAME = "$(TARGET_NAME)";
				WRAPPER_EXTENSION = app;
			};
			name = Release;
		};
/* End XCBuildConfiguration section */

/* Begin XCConfigurationList section */
		E1CA9CC215AACB1C00C5E9AA /* Build configuration list for PBXProject "GestureRecognizer" */ = {
			isa = XCConfigurationList;
			buildConfigurations = (
				E1CA9CE415AACB1D00C5E9AA /* Debug */,
				E1CA9CE515AACB1D00C5E9AA /* Release */,
			);
			defaultConfigurationIsVisible = 0;
			defaultConfigurationName = Release;
		};
		E1CA9CE615AACB1D00C5E9AA /* Build configuration list for PBXNativeTarget "GestureRecognizer" */ = {
			isa = XCConfigurationList;
			buildConfigurations = (
				E1CA9CE715AACB1D00C5E9AA /* Debug */,
				E1CA9CE815AACB1D00C5E9AA /* Release */,
			);
			defaultConfigurationIsVisible = 0;
			defaultConfigurationName = Release;
		};
/* End XCConfigurationList section */
	};
	rootObject = E1CA9CBF15AACB1C00C5E9AA /* Project object */;
}
