// !$*UTF8*$!
{
	archiveVersion = 1;
	classes = {
	};
	objectVersion = 46;
	objects = {

/* Begin PBXBuildFile section */
		E1CD6E2A15B46F0000AB949D /* Cocoa.framework in Frameworks */ = {isa = PBXBuildFile; fileRef = E1CD6E2915B46F0000AB949D /* Cocoa.framework */; };
		E1CD6E3415B46F0000AB949D /* InfoPlist.strings in Resources */ = {isa = PBXBuildFile; fileRef = E1CD6E3215B46F0000AB949D /* InfoPlist.strings */; };
		E1CD6E3615B46F0000AB949D /* main.m in Sources */ = {isa = PBXBuildFile; fileRef = E1CD6E3515B46F0000AB949D /* main.m */; };
		E1CD6E3A15B46F0000AB949D /* Credits.rtf in Resources */ = {isa = PBXBuildFile; fileRef = E1CD6E3815B46F0000AB949D /* Credits.rtf */; };
		E1CD6E3D15B46F0000AB949D /* IGGAppDelegate.m in Sources */ = {isa = PBXBuildFile; fileRef = E1CD6E3C15B46F0000AB949D /* IGGAppDelegate.m */; };
		E1CD6E4015B46F0000AB949D /* MainMenu.xib in Resources */ = {isa = PBXBuildFile; fileRef = E1CD6E3E15B46F0000AB949D /* MainMenu.xib */; };
/* End PBXBuildFile section */

/* Begin PBXFileReference section */
		E1CD6E2515B46F0000AB949D /* IGGRemoteScreen.app */ = {isa = PBXFileReference; explicitFileType = wrapper.application; includeInIndex = 0; path = IGGRemoteScreen.app; sourceTree = BUILT_PRODUCTS_DIR; };
		E1CD6E2915B46F0000AB949D /* Cocoa.framework */ = {isa = PBXFileReference; lastKnownFileType = wrapper.framework; name = Cocoa.framework; path = System/Library/Frameworks/Cocoa.framework; sourceTree = SDKROOT; };
		E1CD6E2C15B46F0000AB949D /* AppKit.framework */ = {isa = PBXFileReference; lastKnownFileType = wrapper.framework; name = AppKit.framework; path = System/Library/Frameworks/AppKit.framework; sourceTree = SDKROOT; };
		E1CD6E2D15B46F0000AB949D /* CoreData.framework */ = {isa = PBXFileReference; lastKnownFileType = wrapper.framework; name = CoreData.framework; path = System/Library/Frameworks/CoreData.framework; sourceTree = SDKROOT; };
		E1CD6E2E15B46F0000AB949D /* Foundation.framework */ = {isa = PBXFileReference; lastKnownFileType = wrapper.framework; name = Foundation.framework; path = System/Library/Frameworks/Foundation.framework; sourceTree = SDKROOT; };
		E1CD6E3115B46F0000AB949D /* IGGRemoteScreen-Info.plist */ = {isa = PBXFileReference; lastKnownFileType = text.plist.xml; path = "IGGRemoteScreen-Info.plist"; sourceTree = "<group>"; };
		E1CD6E3315B46F0000AB949D /* en */ = {isa = PBXFileReference; lastKnownFileType = text.plist.strings; name = en; path = en.lproj/InfoPlist.strings; sourceTree = "<group>"; };
		E1CD6E3515B46F0000AB949D /* main.m */ = {isa = PBXFileReference; lastKnownFileType = sourcecode.c.objc; path = main.m; sourceTree = "<group>"; };
		E1CD6E3715B46F0000AB949D /* IGGRemoteScreen-Prefix.pch */ = {isa = PBXFileReference; lastKnownFileType = sourcecode.c.h; path = "IGGRemoteScreen-Prefix.pch"; sourceTree = "<group>"; };
		E1CD6E3915B46F0000AB949D /* en */ = {isa = PBXFileReference; lastKnownFileType = text.rtf; name = en; path = en.lproj/Credits.rtf; sourceTree = "<group>"; };
		E1CD6E3B15B46F0000AB949D /* IGGAppDelegate.h */ = {isa = PBXFileReference; lastKnownFileType = sourcecode.c.h; path = IGGAppDelegate.h; sourceTree = "<group>"; };
		E1CD6E3C15B46F0000AB949D /* IGGAppDelegate.m */ = {isa = PBXFileReference; lastKnownFileType = sourcecode.c.objc; path = IGGAppDelegate.m; sourceTree = "<group>"; };
		E1CD6E3F15B46F0000AB949D /* en */ = {isa = PBXFileReference; lastKnownFileType = file.xib; name = en; path = en.lproj/MainMenu.xib; sourceTree = "<group>"; };
/* End PBXFileReference section */

/* Begin PBXFrameworksBuildPhase section */
		E1CD6E2215B46F0000AB949D /* Frameworks */ = {
			isa = PBXFrameworksBuildPhase;
			buildActionMask = 2147483647;
			files = (
				E1CD6E2A15B46F0000AB949D /* Cocoa.framework in Frameworks */,
			);
			runOnlyForDeploymentPostprocessing = 0;
		};
/* End PBXFrameworksBuildPhase section */

/* Begin PBXGroup section */
		E1CD6E1A15B46EFF00AB949D = {
			isa = PBXGroup;
			children = (
				E1CD6E2F15B46F0000AB949D /* IGGRemoteScreen */,
				E1CD6E2815B46F0000AB949D /* Frameworks */,
				E1CD6E2615B46F0000AB949D /* Products */,
			);
			sourceTree = "<group>";
		};
		E1CD6E2615B46F0000AB949D /* Products */ = {
			isa = PBXGroup;
			children = (
				E1CD6E2515B46F0000AB949D /* IGGRemoteScreen.app */,
			);
			name = Products;
			sourceTree = "<group>";
		};
		E1CD6E2815B46F0000AB949D /* Frameworks */ = {
			isa = PBXGroup;
			children = (
				E1CD6E2915B46F0000AB949D /* Cocoa.framework */,
				E1CD6E2B15B46F0000AB949D /* Other Frameworks */,
			);
			name = Frameworks;
			sourceTree = "<group>";
		};
		E1CD6E2B15B46F0000AB949D /* Other Frameworks */ = {
			isa = PBXGroup;
			children = (
				E1CD6E2C15B46F0000AB949D /* AppKit.framework */,
				E1CD6E2D15B46F0000AB949D /* CoreData.framework */,
				E1CD6E2E15B46F0000AB949D /* Foundation.framework */,
			);
			name = "Other Frameworks";
			sourceTree = "<group>";
		};
		E1CD6E2F15B46F0000AB949D /* IGGRemoteScreen */ = {
			isa = PBXGroup;
			children = (
				E1CD6E3B15B46F0000AB949D /* IGGAppDelegate.h */,
				E1CD6E3C15B46F0000AB949D /* IGGAppDelegate.m */,
				E1CD6E3E15B46F0000AB949D /* MainMenu.xib */,
				E1CD6E3015B46F0000AB949D /* Supporting Files */,
			);
			path = IGGRemoteScreen;
			sourceTree = "<group>";
		};
		E1CD6E3015B46F0000AB949D /* Supporting Files */ = {
			isa = PBXGroup;
			children = (
				E1CD6E3115B46F0000AB949D /* IGGRemoteScreen-Info.plist */,
				E1CD6E3215B46F0000AB949D /* InfoPlist.strings */,
				E1CD6E3515B46F0000AB949D /* main.m */,
				E1CD6E3715B46F0000AB949D /* IGGRemoteScreen-Prefix.pch */,
				E1CD6E3815B46F0000AB949D /* Credits.rtf */,
			);
			name = "Supporting Files";
			sourceTree = "<group>";
		};
/* End PBXGroup section */

/* Begin PBXNativeTarget section */
		E1CD6E2415B46F0000AB949D /* IGGRemoteScreen */ = {
			isa = PBXNativeTarget;
			buildConfigurationList = E1CD6E4315B46F0000AB949D /* Build configuration list for PBXNativeTarget "IGGRemoteScreen" */;
			buildPhases = (
				E1CD6E2115B46F0000AB949D /* Sources */,
				E1CD6E2215B46F0000AB949D /* Frameworks */,
				E1CD6E2315B46F0000AB949D /* Resources */,
			);
			buildRules = (
			);
			dependencies = (
			);
			name = IGGRemoteScreen;
			productName = IGGRemoteScreen;
			productReference = E1CD6E2515B46F0000AB949D /* IGGRemoteScreen.app */;
			productType = "com.apple.product-type.application";
		};
/* End PBXNativeTarget section */

/* Begin PBXProject section */
		E1CD6E1C15B46EFF00AB949D /* Project object */ = {
			isa = PBXProject;
			attributes = {
				CLASSPREFIX = IGG;
				LastUpgradeCheck = 0430;
			};
			buildConfigurationList = E1CD6E1F15B46EFF00AB949D /* Build configuration list for PBXProject "IGGRemoteScreen" */;
			compatibilityVersion = "Xcode 3.2";
			developmentRegion = English;
			hasScannedForEncodings = 0;
			knownRegions = (
				en,
			);
			mainGroup = E1CD6E1A15B46EFF00AB949D;
			productRefGroup = E1CD6E2615B46F0000AB949D /* Products */;
			projectDirPath = "";
			projectRoot = "";
			targets = (
				E1CD6E2415B46F0000AB949D /* IGGRemoteScreen */,
			);
		};
/* End PBXProject section */

/* Begin PBXResourcesBuildPhase section */
		E1CD6E2315B46F0000AB949D /* Resources */ = {
			isa = PBXResourcesBuildPhase;
			buildActionMask = 2147483647;
			files = (
				E1CD6E3415B46F0000AB949D /* InfoPlist.strings in Resources */,
				E1CD6E3A15B46F0000AB949D /* Credits.rtf in Resources */,
				E1CD6E4015B46F0000AB949D /* MainMenu.xib in Resources */,
			);
			runOnlyForDeploymentPostprocessing = 0;
		};
/* End PBXResourcesBuildPhase section */

/* Begin PBXSourcesBuildPhase section */
		E1CD6E2115B46F0000AB949D /* Sources */ = {
			isa = PBXSourcesBuildPhase;
			buildActionMask = 2147483647;
			files = (
				E1CD6E3615B46F0000AB949D /* main.m in Sources */,
				E1CD6E3D15B46F0000AB949D /* IGGAppDelegate.m in Sources */,
			);
			runOnlyForDeploymentPostprocessing = 0;
		};
/* End PBXSourcesBuildPhase section */

/* Begin PBXVariantGroup section */
		E1CD6E3215B46F0000AB949D /* InfoPlist.strings */ = {
			isa = PBXVariantGroup;
			children = (
				E1CD6E3315B46F0000AB949D /* en */,
			);
			name = InfoPlist.strings;
			sourceTree = "<group>";
		};
		E1CD6E3815B46F0000AB949D /* Credits.rtf */ = {
			isa = PBXVariantGroup;
			children = (
				E1CD6E3915B46F0000AB949D /* en */,
			);
			name = Credits.rtf;
			sourceTree = "<group>";
		};
		E1CD6E3E15B46F0000AB949D /* MainMenu.xib */ = {
			isa = PBXVariantGroup;
			children = (
				E1CD6E3F15B46F0000AB949D /* en */,
			);
			name = MainMenu.xib;
			sourceTree = "<group>";
		};
/* End PBXVariantGroup section */

/* Begin XCBuildConfiguration section */
		E1CD6E4115B46F0000AB949D /* Debug */ = {
			isa = XCBuildConfiguration;
			buildSettings = {
				ALWAYS_SEARCH_USER_PATHS = NO;
				ARCHS = "$(ARCHS_STANDARD_64_BIT)";
				CLANG_ENABLE_OBJC_ARC = YES;
				COPY_PHASE_STRIP = NO;
				GCC_C_LANGUAGE_STANDARD = gnu99;
				GCC_DYNAMIC_NO_PIC = NO;
				GCC_ENABLE_OBJC_EXCEPTIONS = YES;
				GCC_OPTIMIZATION_LEVEL = 0;
				GCC_PREPROCESSOR_DEFINITIONS = (
					"DEBUG=1",
					"$(inherited)",
				);
				GCC_SYMBOLS_PRIVATE_EXTERN = NO;
				GCC_VERSION = com.apple.compilers.llvm.clang.1_0;
				GCC_WARN_64_TO_32_BIT_CONVERSION = YES;
				GCC_WARN_ABOUT_RETURN_TYPE = YES;
				GCC_WARN_UNINITIALIZED_AUTOS = YES;
				GCC_WARN_UNUSED_VARIABLE = YES;
				MACOSX_DEPLOYMENT_TARGET = 10.7;
				ONLY_ACTIVE_ARCH = YES;
				SDKROOT = macosx;
			};
			name = Debug;
		};
		E1CD6E4215B46F0000AB949D /* Release */ = {
			isa = XCBuildConfiguration;
			buildSettings = {
				ALWAYS_SEARCH_USER_PATHS = NO;
				ARCHS = "$(ARCHS_STANDARD_64_BIT)";
				CLANG_ENABLE_OBJC_ARC = YES;
				COPY_PHASE_STRIP = YES;
				DEBUG_INFORMATION_FORMAT = "dwarf-with-dsym";
				GCC_C_LANGUAGE_STANDARD = gnu99;
				GCC_ENABLE_OBJC_EXCEPTIONS = YES;
				GCC_VERSION = com.apple.compilers.llvm.clang.1_0;
				GCC_WARN_64_TO_32_BIT_CONVERSION = YES;
				GCC_WARN_ABOUT_RETURN_TYPE = YES;
				GCC_WARN_UNINITIALIZED_AUTOS = YES;
				GCC_WARN_UNUSED_VARIABLE = YES;
				MACOSX_DEPLOYMENT_TARGET = 10.7;
				SDKROOT = macosx;
			};
			name = Release;
		};
		E1CD6E4415B46F0000AB949D /* Debug */ = {
			isa = XCBuildConfiguration;
			buildSettings = {
				GCC_PRECOMPILE_PREFIX_HEADER = YES;
				GCC_PREFIX_HEADER = "IGGRemoteScreen/IGGRemoteScreen-Prefix.pch";
				INFOPLIST_FILE = "IGGRemoteScreen/IGGRemoteScreen-Info.plist";
				PRODUCT_NAME = "$(TARGET_NAME)";
				WRAPPER_EXTENSION = app;
			};
			name = Debug;
		};
		E1CD6E4515B46F0000AB949D /* Release */ = {
			isa = XCBuildConfiguration;
			buildSettings = {
				GCC_PRECOMPILE_PREFIX_HEADER = YES;
				GCC_PREFIX_HEADER = "IGGRemoteScreen/IGGRemoteScreen-Prefix.pch";
				INFOPLIST_FILE = "IGGRemoteScreen/IGGRemoteScreen-Info.plist";
				PRODUCT_NAME = "$(TARGET_NAME)";
				WRAPPER_EXTENSION = app;
			};
			name = Release;
		};
/* End XCBuildConfiguration section */

/* Begin XCConfigurationList section */
		E1CD6E1F15B46EFF00AB949D /* Build configuration list for PBXProject "IGGRemoteScreen" */ = {
			isa = XCConfigurationList;
			buildConfigurations = (
				E1CD6E4115B46F0000AB949D /* Debug */,
				E1CD6E4215B46F0000AB949D /* Release */,
			);
			defaultConfigurationIsVisible = 0;
			defaultConfigurationName = Release;
		};
		E1CD6E4315B46F0000AB949D /* Build configuration list for PBXNativeTarget "IGGRemoteScreen" */ = {
			isa = XCConfigurationList;
			buildConfigurations = (
				E1CD6E4415B46F0000AB949D /* Debug */,
				E1CD6E4515B46F0000AB949D /* Release */,
			);
			defaultConfigurationIsVisible = 0;
		};
/* End XCConfigurationList section */
	};
	rootObject = E1CD6E1C15B46EFF00AB949D /* Project object */;
}
