// !$*UTF8*$!
{
	archiveVersion = 1;
	classes = {
	};
	objectVersion = 46;
	objects = {

/* Begin PBXFileReference section */
		E1CD6E0E15B46D3F00AB949D /* GCDAsyncSocket.h */ = {isa = PBXFileReference; lastKnownFileType = sourcecode.c.h; path = GCDAsyncSocket.h; sourceTree = "<group>"; };
		E1CD6E0F15B46D3F00AB949D /* GCDAsyncSocket.m */ = {isa = PBXFileReference; lastKnownFileType = sourcecode.c.objc; path = GCDAsyncSocket.m; sourceTree = "<group>"; };
		E1CD6E1015B46DC400AB949D /* TPCommunicationProtocol.h */ = {isa = PBXFileReference; lastKnownFileType = sourcecode.c.h; path = TPCommunicationProtocol.h; sourceTree = "<group>"; };
		E1CD6E1115B46DC400AB949D /* TPCommunicationProtocol.m */ = {isa = PBXFileReference; lastKnownFileType = sourcecode.c.objc; path = TPCommunicationProtocol.m; sourceTree = "<group>"; };
		E1CD6E1215B46DC400AB949D /* TPTCPServer.h */ = {isa = PBXFileReference; lastKnownFileType = sourcecode.c.h; path = TPTCPServer.h; sourceTree = "<group>"; };
		E1CD6E1315B46DC400AB949D /* TPTCPServer.m */ = {isa = PBXFileReference; lastKnownFileType = sourcecode.c.objc; path = TPTCPServer.m; sourceTree = "<group>"; };
/* End PBXFileReference section */

/* Begin PBXGroup section */
		E1CD6E0315B46D0300AB949D = {
			isa = PBXGroup;
			children = (
				E1CD6E0D15B46D3F00AB949D /* lib */,
				E1CD6E0C15B46D1600AB949D /* IGGCommonInterfaces */,
			);
			sourceTree = "<group>";
		};
		E1CD6E0C15B46D1600AB949D /* IGGCommonInterfaces */ = {
			isa = PBXGroup;
			children = (
				E1CD6E1015B46DC400AB949D /* TPCommunicationProtocol.h */,
				E1CD6E1115B46DC400AB949D /* TPCommunicationProtocol.m */,
				E1CD6E1215B46DC400AB949D /* TPTCPServer.h */,
				E1CD6E1315B46DC400AB949D /* TPTCPServer.m */,
			);
			path = IGGCommonInterfaces;
			sourceTree = "<group>";
		};
		E1CD6E0D15B46D3F00AB949D /* lib */ = {
			isa = PBXGroup;
			children = (
				E1CD6E0E15B46D3F00AB949D /* GCDAsyncSocket.h */,
				E1CD6E0F15B46D3F00AB949D /* GCDAsyncSocket.m */,
			);
			name = lib;
			path = ../lib;
			sourceTree = "<group>";
		};
/* End PBXGroup section */

/* Begin PBXProject section */
		E1CD6E0515B46D0300AB949D /* Project object */ = {
			isa = PBXProject;
			attributes = {
				LastUpgradeCheck = 0430;
			};
			buildConfigurationList = E1CD6E0815B46D0300AB949D /* Build configuration list for PBXProject "IGGCommonInteraces" */;
			compatibilityVersion = "Xcode 3.2";
			developmentRegion = English;
			hasScannedForEncodings = 0;
			knownRegions = (
				en,
			);
			mainGroup = E1CD6E0315B46D0300AB949D;
			projectDirPath = "";
			projectRoot = "";
			targets = (
			);
		};
/* End PBXProject section */

/* Begin XCBuildConfiguration section */
		E1CD6E0A15B46D0300AB949D /* Debug */ = {
			isa = XCBuildConfiguration;
			buildSettings = {
			};
			name = Debug;
		};
		E1CD6E0B15B46D0300AB949D /* Release */ = {
			isa = XCBuildConfiguration;
			buildSettings = {
			};
			name = Release;
		};
/* End XCBuildConfiguration section */

/* Begin XCConfigurationList section */
		E1CD6E0815B46D0300AB949D /* Build configuration list for PBXProject "IGGCommonInteraces" */ = {
			isa = XCConfigurationList;
			buildConfigurations = (
				E1CD6E0A15B46D0300AB949D /* Debug */,
				E1CD6E0B15B46D0300AB949D /* Release */,
			);
			defaultConfigurationIsVisible = 0;
			defaultConfigurationName = Release;
		};
/* End XCConfigurationList section */
	};
	rootObject = E1CD6E0515B46D0300AB949D /* Project object */;
}
